// !$*UTF8*$!
{
	archiveVersion = 1;
	classes = {
	};
	objectVersion = 56;
	objects = {

/* Begin PBXBuildFile section */
		B5461CF42BD1D52400F085FD /* KeyboardView.swift in Sources */ = {isa = PBXBuildFile; fileRef = B5461CF32BD1D52400F085FD /* KeyboardView.swift */; };
		B54CEB572BDB5C9F00077D15 /* ShaderManager_.swift in Sources */ = {isa = PBXBuildFile; fileRef = B54CEB562BDB5C9F00077D15 /* ShaderManager_.swift */; };
		B54CEB592BDC453200077D15 /* ShaderManager.swift in Sources */ = {isa = PBXBuildFile; fileRef = B54CEB582BDC453200077D15 /* ShaderManager.swift */; };
		B54CEB5B2BDD59BF00077D15 /* FileMonitor.swift in Sources */ = {isa = PBXBuildFile; fileRef = B54CEB5A2BDD59BF00077D15 /* FileMonitor.swift */; };
		B597D0472BD08B7E00CBCA26 /* OSCManager.swift in Sources */ = {isa = PBXBuildFile; fileRef = B597D0462BD08B7E00CBCA26 /* OSCManager.swift */; };
		B597D0492BD0948900CBCA26 /* UniformManager.swift in Sources */ = {isa = PBXBuildFile; fileRef = B597D0482BD0948900CBCA26 /* UniformManager.swift */; };
		B5B3CE432BB6102F002F55B3 /* RenderManager.swift in Sources */ = {isa = PBXBuildFile; fileRef = B5B3CE422BB6102F002F55B3 /* RenderManager.swift */; };
		B5B3CE482BB718EC002F55B3 /* ShellExec.swift in Sources */ = {isa = PBXBuildFile; fileRef = B5B3CE472BB718EC002F55B3 /* ShellExec.swift */; };
		B5B3CE4C2BB72502002F55B3 /* Extensions.swift in Sources */ = {isa = PBXBuildFile; fileRef = B5B3CE4B2BB72502002F55B3 /* Extensions.swift */; };
		B5E711AC2BB462F80092172A /* MetalGeminiApp.swift in Sources */ = {isa = PBXBuildFile; fileRef = B5E711AB2BB462F80092172A /* MetalGeminiApp.swift */; };
		B5E711AE2BB462F80092172A /* ContentView.swift in Sources */ = {isa = PBXBuildFile; fileRef = B5E711AD2BB462F80092172A /* ContentView.swift */; };
		B5E711B02BB462FA0092172A /* Assets.xcassets in Resources */ = {isa = PBXBuildFile; fileRef = B5E711AF2BB462FA0092172A /* Assets.xcassets */; };
		B5E711B32BB462FA0092172A /* Preview Assets.xcassets in Resources */ = {isa = PBXBuildFile; fileRef = B5E711B22BB462FA0092172A /* Preview Assets.xcassets */; };
		B5E711BB2BB463510092172A /* MetalView.swift in Sources */ = {isa = PBXBuildFile; fileRef = B5E711BA2BB463510092172A /* MetalView.swift */; };
		B5E711BD2BB463B20092172A /* PixelShaders.metal in Sources */ = {isa = PBXBuildFile; fileRef = B5E711BC2BB463B20092172A /* PixelShaders.metal */; };
		B5E711F92BB4ED500092172A /* CustomWindowController.swift in Sources */ = {isa = PBXBuildFile; fileRef = B5E711F82BB4ED500092172A /* CustomWindowController.swift */; };
		B5E711FB2BB4F3BB0092172A /* main.swift in Sources */ = {isa = PBXBuildFile; fileRef = B5E711FA2BB4F3BB0092172A /* main.swift */; };
		B5E711FD2BB5A8F80092172A /* FileDialog.swift in Sources */ = {isa = PBXBuildFile; fileRef = B5E711FC2BB5A8F70092172A /* FileDialog.swift */; };
		B5ED373C2BDA0F2A00A04963 /* Notification.swift in Sources */ = {isa = PBXBuildFile; fileRef = B5ED373B2BDA0F2A00A04963 /* Notification.swift */; };
		B5ED373E2BDD283700A04963 /* ThreadSafeFlag.swift in Sources */ = {isa = PBXBuildFile; fileRef = B5ED373D2BDD283700A04963 /* ThreadSafeFlag.swift */; };
		F38C44B34255F25673DD50B7 /* Pods_MetalGemini.framework in Frameworks */ = {isa = PBXBuildFile; fileRef = 0C6104917B32069A963A9DFB /* Pods_MetalGemini.framework */; };
/* End PBXBuildFile section */

/* Begin PBXFileReference section */
		04AE51043A9DBBD8BF909E43 /* Pods-MetalGemini.release.xcconfig */ = {isa = PBXFileReference; includeInIndex = 1; lastKnownFileType = text.xcconfig; name = "Pods-MetalGemini.release.xcconfig"; path = "Target Support Files/Pods-MetalGemini/Pods-MetalGemini.release.xcconfig"; sourceTree = "<group>"; };
		0C6104917B32069A963A9DFB /* Pods_MetalGemini.framework */ = {isa = PBXFileReference; explicitFileType = wrapper.framework; includeInIndex = 0; path = Pods_MetalGemini.framework; sourceTree = BUILT_PRODUCTS_DIR; };
		B5461CF32BD1D52400F085FD /* KeyboardView.swift */ = {isa = PBXFileReference; lastKnownFileType = sourcecode.swift; path = KeyboardView.swift; sourceTree = "<group>"; };
		B54CEB562BDB5C9F00077D15 /* ShaderManager_.swift */ = {isa = PBXFileReference; lastKnownFileType = sourcecode.swift; path = ShaderManager_.swift; sourceTree = "<group>"; };
		B54CEB582BDC453200077D15 /* ShaderManager.swift */ = {isa = PBXFileReference; lastKnownFileType = sourcecode.swift; path = ShaderManager.swift; sourceTree = "<group>"; };
		B54CEB5A2BDD59BF00077D15 /* FileMonitor.swift */ = {isa = PBXFileReference; lastKnownFileType = sourcecode.swift; path = FileMonitor.swift; sourceTree = "<group>"; };
		B597D0462BD08B7E00CBCA26 /* OSCManager.swift */ = {isa = PBXFileReference; lastKnownFileType = sourcecode.swift; path = OSCManager.swift; sourceTree = "<group>"; };
		B597D0482BD0948900CBCA26 /* UniformManager.swift */ = {isa = PBXFileReference; lastKnownFileType = sourcecode.swift; path = UniformManager.swift; sourceTree = "<group>"; };
		B5B3CE422BB6102F002F55B3 /* RenderManager.swift */ = {isa = PBXFileReference; lastKnownFileType = sourcecode.swift; path = RenderManager.swift; sourceTree = "<group>"; };
		B5B3CE472BB718EC002F55B3 /* ShellExec.swift */ = {isa = PBXFileReference; lastKnownFileType = sourcecode.swift; path = ShellExec.swift; sourceTree = "<group>"; };
		B5B3CE4B2BB72502002F55B3 /* Extensions.swift */ = {isa = PBXFileReference; lastKnownFileType = sourcecode.swift; path = Extensions.swift; sourceTree = "<group>"; };
		B5B3CE4E2BB85EB9002F55B3 /* TestShaders.metal */ = {isa = PBXFileReference; lastKnownFileType = sourcecode.metal; path = TestShaders.metal; sourceTree = "<group>"; };
		B5E711A82BB462F80092172A /* MetalGemini.app */ = {isa = PBXFileReference; explicitFileType = wrapper.application; includeInIndex = 0; path = MetalGemini.app; sourceTree = BUILT_PRODUCTS_DIR; };
		B5E711AB2BB462F80092172A /* MetalGeminiApp.swift */ = {isa = PBXFileReference; lastKnownFileType = sourcecode.swift; path = MetalGeminiApp.swift; sourceTree = "<group>"; };
		B5E711AD2BB462F80092172A /* ContentView.swift */ = {isa = PBXFileReference; lastKnownFileType = sourcecode.swift; path = ContentView.swift; sourceTree = "<group>"; };
		B5E711AF2BB462FA0092172A /* Assets.xcassets */ = {isa = PBXFileReference; lastKnownFileType = folder.assetcatalog; path = Assets.xcassets; sourceTree = "<group>"; };
		B5E711B22BB462FA0092172A /* Preview Assets.xcassets */ = {isa = PBXFileReference; lastKnownFileType = folder.assetcatalog; path = "Preview Assets.xcassets"; sourceTree = "<group>"; };
		B5E711B42BB462FA0092172A /* MetalGemini.entitlements */ = {isa = PBXFileReference; lastKnownFileType = text.plist.entitlements; path = MetalGemini.entitlements; sourceTree = "<group>"; };
		B5E711BA2BB463510092172A /* MetalView.swift */ = {isa = PBXFileReference; lastKnownFileType = sourcecode.swift; path = MetalView.swift; sourceTree = "<group>"; };
		B5E711BC2BB463B20092172A /* PixelShaders.metal */ = {isa = PBXFileReference; lastKnownFileType = sourcecode.metal; path = PixelShaders.metal; sourceTree = "<group>"; };
		B5E711F82BB4ED500092172A /* CustomWindowController.swift */ = {isa = PBXFileReference; lastKnownFileType = sourcecode.swift; path = CustomWindowController.swift; sourceTree = "<group>"; };
		B5E711FA2BB4F3BB0092172A /* main.swift */ = {isa = PBXFileReference; lastKnownFileType = sourcecode.swift; path = main.swift; sourceTree = "<group>"; };
		B5E711FC2BB5A8F70092172A /* FileDialog.swift */ = {isa = PBXFileReference; lastKnownFileType = sourcecode.swift; path = FileDialog.swift; sourceTree = "<group>"; };
		B5E711FE2BB5B4E50092172A /* Info.plist */ = {isa = PBXFileReference; lastKnownFileType = text.plist; path = Info.plist; sourceTree = "<group>"; };
		B5ED373B2BDA0F2A00A04963 /* Notification.swift */ = {isa = PBXFileReference; lastKnownFileType = sourcecode.swift; path = Notification.swift; sourceTree = "<group>"; };
		B5ED373D2BDD283700A04963 /* ThreadSafeFlag.swift */ = {isa = PBXFileReference; lastKnownFileType = sourcecode.swift; path = ThreadSafeFlag.swift; sourceTree = "<group>"; };
		E84A1554A65794DB71367AB3 /* Pods-MetalGemini.debug.xcconfig */ = {isa = PBXFileReference; includeInIndex = 1; lastKnownFileType = text.xcconfig; name = "Pods-MetalGemini.debug.xcconfig"; path = "Target Support Files/Pods-MetalGemini/Pods-MetalGemini.debug.xcconfig"; sourceTree = "<group>"; };
/* End PBXFileReference section */

/* Begin PBXFrameworksBuildPhase section */
		B5E711A52BB462F80092172A /* Frameworks */ = {
			isa = PBXFrameworksBuildPhase;
			buildActionMask = 2147483647;
			files = (
				F38C44B34255F25673DD50B7 /* Pods_MetalGemini.framework in Frameworks */,
			);
			runOnlyForDeploymentPostprocessing = 0;
		};
/* End PBXFrameworksBuildPhase section */

/* Begin PBXGroup section */
		6DC832680E2FFC633D55F242 /* Frameworks */ = {
			isa = PBXGroup;
			children = (
				0C6104917B32069A963A9DFB /* Pods_MetalGemini.framework */,
			);
			name = Frameworks;
			sourceTree = "<group>";
		};
		7951CD2BA597900F42AD297F /* Pods */ = {
			isa = PBXGroup;
			children = (
				E84A1554A65794DB71367AB3 /* Pods-MetalGemini.debug.xcconfig */,
				04AE51043A9DBBD8BF909E43 /* Pods-MetalGemini.release.xcconfig */,
			);
			path = Pods;
			sourceTree = "<group>";
		};
		B5E7119F2BB462F80092172A = {
			isa = PBXGroup;
			children = (
				B5B3CE4E2BB85EB9002F55B3 /* TestShaders.metal */,
				B5E711BC2BB463B20092172A /* PixelShaders.metal */,
				B5E711AA2BB462F80092172A /* MetalGemini */,
				B5E711A92BB462F80092172A /* Products */,
				7951CD2BA597900F42AD297F /* Pods */,
				6DC832680E2FFC633D55F242 /* Frameworks */,
			);
			sourceTree = "<group>";
		};
		B5E711A92BB462F80092172A /* Products */ = {
			isa = PBXGroup;
			children = (
				B5E711A82BB462F80092172A /* MetalGemini.app */,
			);
			name = Products;
			sourceTree = "<group>";
		};
		B5E711AA2BB462F80092172A /* MetalGemini */ = {
			isa = PBXGroup;
			children = (
				B5E711FE2BB5B4E50092172A /* Info.plist */,
				B5E711AB2BB462F80092172A /* MetalGeminiApp.swift */,
				B5E711AD2BB462F80092172A /* ContentView.swift */,
				B5E711BA2BB463510092172A /* MetalView.swift */,
				B5ED373D2BDD283700A04963 /* ThreadSafeFlag.swift */,
				B5ED373B2BDA0F2A00A04963 /* Notification.swift */,
				B5461CF32BD1D52400F085FD /* KeyboardView.swift */,
				B5E711AF2BB462FA0092172A /* Assets.xcassets */,
				B5E711B42BB462FA0092172A /* MetalGemini.entitlements */,
				B5E711B12BB462FA0092172A /* Preview Content */,
				B5E711F82BB4ED500092172A /* CustomWindowController.swift */,
				B5E711FA2BB4F3BB0092172A /* main.swift */,
				B5E711FC2BB5A8F70092172A /* FileDialog.swift */,
				B5B3CE422BB6102F002F55B3 /* RenderManager.swift */,
				B5B3CE472BB718EC002F55B3 /* ShellExec.swift */,
				B5B3CE4B2BB72502002F55B3 /* Extensions.swift */,
				B597D0462BD08B7E00CBCA26 /* OSCManager.swift */,
				B597D0482BD0948900CBCA26 /* UniformManager.swift */,
				B54CEB562BDB5C9F00077D15 /* ShaderManager_.swift */,
				B54CEB582BDC453200077D15 /* ShaderManager.swift */,
				B54CEB5A2BDD59BF00077D15 /* FileMonitor.swift */,
			);
			path = MetalGemini;
			sourceTree = "<group>";
		};
		B5E711B12BB462FA0092172A /* Preview Content */ = {
			isa = PBXGroup;
			children = (
				B5E711B22BB462FA0092172A /* Preview Assets.xcassets */,
			);
			path = "Preview Content";
			sourceTree = "<group>";
		};
/* End PBXGroup section */

/* Begin PBXNativeTarget section */
		B5E711A72BB462F80092172A /* MetalGemini */ = {
			isa = PBXNativeTarget;
			buildConfigurationList = B5E711B72BB462FA0092172A /* Build configuration list for PBXNativeTarget "MetalGemini" */;
			buildPhases = (
				186FD187C9A61DD24DA0A8DD /* [CP] Check Pods Manifest.lock */,
				B5E711A42BB462F80092172A /* Sources */,
				B5E711A52BB462F80092172A /* Frameworks */,
				B5E711A62BB462F80092172A /* Resources */,
				C7CDA06F6B38100583E9AC0A /* [CP] Embed Pods Frameworks */,
			);
			buildRules = (
			);
			dependencies = (
			);
			name = MetalGemini;
			productName = MetalGemini;
			productReference = B5E711A82BB462F80092172A /* MetalGemini.app */;
			productType = "com.apple.product-type.application";
		};
/* End PBXNativeTarget section */

/* Begin PBXProject section */
		B5E711A02BB462F80092172A /* Project object */ = {
			isa = PBXProject;
			attributes = {
				BuildIndependentTargetsInParallel = 1;
				LastSwiftUpdateCheck = 1530;
				LastUpgradeCheck = 1530;
				TargetAttributes = {
					B5E711A72BB462F80092172A = {
						CreatedOnToolsVersion = 15.3;
					};
				};
			};
			buildConfigurationList = B5E711A32BB462F80092172A /* Build configuration list for PBXProject "MetalGemini" */;
			compatibilityVersion = "Xcode 14.0";
			developmentRegion = en;
			hasScannedForEncodings = 0;
			knownRegions = (
				en,
				Base,
			);
			mainGroup = B5E7119F2BB462F80092172A;
			productRefGroup = B5E711A92BB462F80092172A /* Products */;
			projectDirPath = "";
			projectRoot = "";
			targets = (
				B5E711A72BB462F80092172A /* MetalGemini */,
			);
		};
/* End PBXProject section */

/* Begin PBXResourcesBuildPhase section */
		B5E711A62BB462F80092172A /* Resources */ = {
			isa = PBXResourcesBuildPhase;
			buildActionMask = 2147483647;
			files = (
				B5E711B32BB462FA0092172A /* Preview Assets.xcassets in Resources */,
				B5E711B02BB462FA0092172A /* Assets.xcassets in Resources */,
			);
			runOnlyForDeploymentPostprocessing = 0;
		};
/* End PBXResourcesBuildPhase section */

/* Begin PBXShellScriptBuildPhase section */
		186FD187C9A61DD24DA0A8DD /* [CP] Check Pods Manifest.lock */ = {
			isa = PBXShellScriptBuildPhase;
			buildActionMask = 2147483647;
			files = (
			);
			inputFileListPaths = (
			);
			inputPaths = (
				"${PODS_PODFILE_DIR_PATH}/Podfile.lock",
				"${PODS_ROOT}/Manifest.lock",
			);
			name = "[CP] Check Pods Manifest.lock";
			outputFileListPaths = (
			);
			outputPaths = (
				"$(DERIVED_FILE_DIR)/Pods-MetalGemini-checkManifestLockResult.txt",
			);
			runOnlyForDeploymentPostprocessing = 0;
			shellPath = /bin/sh;
			shellScript = "diff \"${PODS_PODFILE_DIR_PATH}/Podfile.lock\" \"${PODS_ROOT}/Manifest.lock\" > /dev/null\nif [ $? != 0 ] ; then\n    # print error to STDERR\n    echo \"error: The sandbox is not in sync with the Podfile.lock. Run 'pod install' or update your CocoaPods installation.\" >&2\n    exit 1\nfi\n# This output is used by Xcode 'outputs' to avoid re-running this script phase.\necho \"SUCCESS\" > \"${SCRIPT_OUTPUT_FILE_0}\"\n";
			showEnvVarsInLog = 0;
		};
		C7CDA06F6B38100583E9AC0A /* [CP] Embed Pods Frameworks */ = {
			isa = PBXShellScriptBuildPhase;
			buildActionMask = 2147483647;
			files = (
			);
			inputFileListPaths = (
				"${PODS_ROOT}/Target Support Files/Pods-MetalGemini/Pods-MetalGemini-frameworks-${CONFIGURATION}-input-files.xcfilelist",
			);
			name = "[CP] Embed Pods Frameworks";
			outputFileListPaths = (
				"${PODS_ROOT}/Target Support Files/Pods-MetalGemini/Pods-MetalGemini-frameworks-${CONFIGURATION}-output-files.xcfilelist",
			);
			runOnlyForDeploymentPostprocessing = 0;
			shellPath = /bin/sh;
			shellScript = "\"${PODS_ROOT}/Target Support Files/Pods-MetalGemini/Pods-MetalGemini-frameworks.sh\"\n";
			showEnvVarsInLog = 0;
		};
/* End PBXShellScriptBuildPhase section */

/* Begin PBXSourcesBuildPhase section */
		B5E711A42BB462F80092172A /* Sources */ = {
			isa = PBXSourcesBuildPhase;
			buildActionMask = 2147483647;
			files = (
				B54CEB572BDB5C9F00077D15 /* ShaderManager_.swift in Sources */,
				B5E711BB2BB463510092172A /* MetalView.swift in Sources */,
				B5B3CE482BB718EC002F55B3 /* ShellExec.swift in Sources */,
				B5E711AE2BB462F80092172A /* ContentView.swift in Sources */,
				B5E711FB2BB4F3BB0092172A /* main.swift in Sources */,
				B597D0492BD0948900CBCA26 /* UniformManager.swift in Sources */,
				B5B3CE432BB6102F002F55B3 /* RenderManager.swift in Sources */,
				B5ED373E2BDD283700A04963 /* ThreadSafeFlag.swift in Sources */,
				B5E711F92BB4ED500092172A /* CustomWindowController.swift in Sources */,
				B5E711FD2BB5A8F80092172A /* FileDialog.swift in Sources */,
				B597D0472BD08B7E00CBCA26 /* OSCManager.swift in Sources */,
				B5461CF42BD1D52400F085FD /* KeyboardView.swift in Sources */,
				B5E711AC2BB462F80092172A /* MetalGeminiApp.swift in Sources */,
				B54CEB592BDC453200077D15 /* ShaderManager.swift in Sources */,
				B54CEB5B2BDD59BF00077D15 /* FileMonitor.swift in Sources */,
				B5ED373C2BDA0F2A00A04963 /* Notification.swift in Sources */,
				B5B3CE4C2BB72502002F55B3 /* Extensions.swift in Sources */,
				B5E711BD2BB463B20092172A /* PixelShaders.metal in Sources */,
			);
			runOnlyForDeploymentPostprocessing = 0;
		};
/* End PBXSourcesBuildPhase section */

/* Begin XCBuildConfiguration section */
		B5E711B52BB462FA0092172A /* Debug */ = {
			isa = XCBuildConfiguration;
			buildSettings = {
				ALWAYS_SEARCH_USER_PATHS = NO;
				ASSETCATALOG_COMPILER_GENERATE_SWIFT_ASSET_SYMBOL_EXTENSIONS = YES;
				CLANG_ANALYZER_NONNULL = YES;
				CLANG_ANALYZER_NUMBER_OBJECT_CONVERSION = YES_AGGRESSIVE;
				CLANG_CXX_LANGUAGE_STANDARD = "gnu++20";
				CLANG_ENABLE_MODULES = YES;
				CLANG_ENABLE_OBJC_ARC = YES;
				CLANG_ENABLE_OBJC_WEAK = YES;
				CLANG_WARN_BLOCK_CAPTURE_AUTORELEASING = YES;
				CLANG_WARN_BOOL_CONVERSION = YES;
				CLANG_WARN_COMMA = YES;
				CLANG_WARN_CONSTANT_CONVERSION = YES;
				CLANG_WARN_DEPRECATED_OBJC_IMPLEMENTATIONS = YES;
				CLANG_WARN_DIRECT_OBJC_ISA_USAGE = YES_ERROR;
				CLANG_WARN_DOCUMENTATION_COMMENTS = YES;
				CLANG_WARN_EMPTY_BODY = YES;
				CLANG_WARN_ENUM_CONVERSION = YES;
				CLANG_WARN_INFINITE_RECURSION = YES;
				CLANG_WARN_INT_CONVERSION = YES;
				CLANG_WARN_NON_LITERAL_NULL_CONVERSION = YES;
				CLANG_WARN_OBJC_IMPLICIT_RETAIN_SELF = YES;
				CLANG_WARN_OBJC_LITERAL_CONVERSION = YES;
				CLANG_WARN_OBJC_ROOT_CLASS = YES_ERROR;
				CLANG_WARN_QUOTED_INCLUDE_IN_FRAMEWORK_HEADER = YES;
				CLANG_WARN_RANGE_LOOP_ANALYSIS = YES;
				CLANG_WARN_STRICT_PROTOTYPES = YES;
				CLANG_WARN_SUSPICIOUS_MOVE = YES;
				CLANG_WARN_UNGUARDED_AVAILABILITY = YES_AGGRESSIVE;
				CLANG_WARN_UNREACHABLE_CODE = YES;
				CLANG_WARN__DUPLICATE_METHOD_MATCH = YES;
				COPY_PHASE_STRIP = NO;
				DEBUG_INFORMATION_FORMAT = dwarf;
				ENABLE_STRICT_OBJC_MSGSEND = YES;
				ENABLE_TESTABILITY = YES;
				ENABLE_USER_SCRIPT_SANDBOXING = NO;
				GCC_C_LANGUAGE_STANDARD = gnu17;
				GCC_DYNAMIC_NO_PIC = NO;
				GCC_NO_COMMON_BLOCKS = YES;
				GCC_OPTIMIZATION_LEVEL = 0;
				GCC_PREPROCESSOR_DEFINITIONS = (
					"DEBUG=1",
					"$(inherited)",
				);
				GCC_WARN_64_TO_32_BIT_CONVERSION = YES;
				GCC_WARN_ABOUT_RETURN_TYPE = YES_ERROR;
				GCC_WARN_UNDECLARED_SELECTOR = YES;
				GCC_WARN_UNINITIALIZED_AUTOS = YES_AGGRESSIVE;
				GCC_WARN_UNUSED_FUNCTION = YES;
				GCC_WARN_UNUSED_VARIABLE = YES;
				LOCALIZATION_PREFERS_STRING_CATALOGS = YES;
				MACOSX_DEPLOYMENT_TARGET = 14.3;
				MTL_ENABLE_DEBUG_INFO = INCLUDE_SOURCE;
				MTL_FAST_MATH = YES;
				ONLY_ACTIVE_ARCH = YES;
				SDKROOT = macosx;
				SWIFT_ACTIVE_COMPILATION_CONDITIONS = "DEBUG $(inherited)";
				SWIFT_OPTIMIZATION_LEVEL = "-Onone";
			};
			name = Debug;
		};
		B5E711B62BB462FA0092172A /* Release */ = {
			isa = XCBuildConfiguration;
			buildSettings = {
				ALWAYS_SEARCH_USER_PATHS = NO;
				ASSETCATALOG_COMPILER_GENERATE_SWIFT_ASSET_SYMBOL_EXTENSIONS = YES;
				CLANG_ANALYZER_NONNULL = YES;
				CLANG_ANALYZER_NUMBER_OBJECT_CONVERSION = YES_AGGRESSIVE;
				CLANG_CXX_LANGUAGE_STANDARD = "gnu++20";
				CLANG_ENABLE_MODULES = YES;
				CLANG_ENABLE_OBJC_ARC = YES;
				CLANG_ENABLE_OBJC_WEAK = YES;
				CLANG_WARN_BLOCK_CAPTURE_AUTORELEASING = YES;
				CLANG_WARN_BOOL_CONVERSION = YES;
				CLANG_WARN_COMMA = YES;
				CLANG_WARN_CONSTANT_CONVERSION = YES;
				CLANG_WARN_DEPRECATED_OBJC_IMPLEMENTATIONS = YES;
				CLANG_WARN_DIRECT_OBJC_ISA_USAGE = YES_ERROR;
				CLANG_WARN_DOCUMENTATION_COMMENTS = YES;
				CLANG_WARN_EMPTY_BODY = YES;
				CLANG_WARN_ENUM_CONVERSION = YES;
				CLANG_WARN_INFINITE_RECURSION = YES;
				CLANG_WARN_INT_CONVERSION = YES;
				CLANG_WARN_NON_LITERAL_NULL_CONVERSION = YES;
				CLANG_WARN_OBJC_IMPLICIT_RETAIN_SELF = YES;
				CLANG_WARN_OBJC_LITERAL_CONVERSION = YES;
				CLANG_WARN_OBJC_ROOT_CLASS = YES_ERROR;
				CLANG_WARN_QUOTED_INCLUDE_IN_FRAMEWORK_HEADER = YES;
				CLANG_WARN_RANGE_LOOP_ANALYSIS = YES;
				CLANG_WARN_STRICT_PROTOTYPES = YES;
				CLANG_WARN_SUSPICIOUS_MOVE = YES;
				CLANG_WARN_UNGUARDED_AVAILABILITY = YES_AGGRESSIVE;
				CLANG_WARN_UNREACHABLE_CODE = YES;
				CLANG_WARN__DUPLICATE_METHOD_MATCH = YES;
				COPY_PHASE_STRIP = NO;
				DEBUG_INFORMATION_FORMAT = "dwarf-with-dsym";
				ENABLE_NS_ASSERTIONS = NO;
				ENABLE_STRICT_OBJC_MSGSEND = YES;
				ENABLE_USER_SCRIPT_SANDBOXING = NO;
				GCC_C_LANGUAGE_STANDARD = gnu17;
				GCC_NO_COMMON_BLOCKS = YES;
				GCC_WARN_64_TO_32_BIT_CONVERSION = YES;
				GCC_WARN_ABOUT_RETURN_TYPE = YES_ERROR;
				GCC_WARN_UNDECLARED_SELECTOR = YES;
				GCC_WARN_UNINITIALIZED_AUTOS = YES_AGGRESSIVE;
				GCC_WARN_UNUSED_FUNCTION = YES;
				GCC_WARN_UNUSED_VARIABLE = YES;
				LOCALIZATION_PREFERS_STRING_CATALOGS = YES;
				MACOSX_DEPLOYMENT_TARGET = 14.3;
				MTL_ENABLE_DEBUG_INFO = NO;
				MTL_FAST_MATH = YES;
				SDKROOT = macosx;
				SWIFT_COMPILATION_MODE = wholemodule;
			};
			name = Release;
		};
		B5E711B82BB462FA0092172A /* Debug */ = {
			isa = XCBuildConfiguration;
			baseConfigurationReference = E84A1554A65794DB71367AB3 /* Pods-MetalGemini.debug.xcconfig */;
			buildSettings = {
				ASSETCATALOG_COMPILER_APPICON_NAME = AppIcon;
				ASSETCATALOG_COMPILER_GLOBAL_ACCENT_COLOR_NAME = AccentColor;
				CODE_SIGN_ENTITLEMENTS = MetalGemini/MetalGemini.entitlements;
				CODE_SIGN_STYLE = Automatic;
				COMBINE_HIDPI_IMAGES = YES;
				CURRENT_PROJECT_VERSION = 1;
				DEVELOPMENT_ASSET_PATHS = "\"MetalGemini/Preview Content\"";
				DEVELOPMENT_TEAM = Z58CKCN5VN;
				ENABLE_HARDENED_RUNTIME = YES;
				ENABLE_PREVIEWS = YES;
				GENERATE_INFOPLIST_FILE = YES;
				INFOPLIST_FILE = MetalGemini/Info.plist;
				INFOPLIST_KEY_NSHumanReadableCopyright = "";
				LD_RUNPATH_SEARCH_PATHS = (
					"$(inherited)",
					"@executable_path/../Frameworks",
				);
				MARKETING_VERSION = 1.0;
				PRODUCT_BUNDLE_IDENTIFIER = net.wdoughty.MetalGemini;
				PRODUCT_NAME = "$(TARGET_NAME)";
				SWIFT_EMIT_LOC_STRINGS = YES;
				SWIFT_VERSION = 5.0;
			};
			name = Debug;
		};
		B5E711B92BB462FA0092172A /* Release */ = {
			isa = XCBuildConfiguration;
			baseConfigurationReference = 04AE51043A9DBBD8BF909E43 /* Pods-MetalGemini.release.xcconfig */;
			buildSettings = {
				ASSETCATALOG_COMPILER_APPICON_NAME = AppIcon;
				ASSETCATALOG_COMPILER_GLOBAL_ACCENT_COLOR_NAME = AccentColor;
				CODE_SIGN_ENTITLEMENTS = MetalGemini/MetalGemini.entitlements;
				CODE_SIGN_STYLE = Automatic;
				COMBINE_HIDPI_IMAGES = YES;
				CURRENT_PROJECT_VERSION = 1;
				DEVELOPMENT_ASSET_PATHS = "\"MetalGemini/Preview Content\"";
				DEVELOPMENT_TEAM = Z58CKCN5VN;
				ENABLE_HARDENED_RUNTIME = YES;
				ENABLE_PREVIEWS = YES;
				GENERATE_INFOPLIST_FILE = YES;
				INFOPLIST_FILE = MetalGemini/Info.plist;
				INFOPLIST_KEY_NSHumanReadableCopyright = "";
				LD_RUNPATH_SEARCH_PATHS = (
					"$(inherited)",
					"@executable_path/../Frameworks",
				);
				MARKETING_VERSION = 1.0;
				PRODUCT_BUNDLE_IDENTIFIER = net.wdoughty.MetalGemini;
				PRODUCT_NAME = "$(TARGET_NAME)";
				SWIFT_EMIT_LOC_STRINGS = YES;
				SWIFT_VERSION = 5.0;
			};
			name = Release;
		};
/* End XCBuildConfiguration section */

/* Begin XCConfigurationList section */
		B5E711A32BB462F80092172A /* Build configuration list for PBXProject "MetalGemini" */ = {
			isa = XCConfigurationList;
			buildConfigurations = (
				B5E711B52BB462FA0092172A /* Debug */,
				B5E711B62BB462FA0092172A /* Release */,
			);
			defaultConfigurationIsVisible = 0;
			defaultConfigurationName = Release;
		};
		B5E711B72BB462FA0092172A /* Build configuration list for PBXNativeTarget "MetalGemini" */ = {
			isa = XCConfigurationList;
			buildConfigurations = (
				B5E711B82BB462FA0092172A /* Debug */,
				B5E711B92BB462FA0092172A /* Release */,
			);
			defaultConfigurationIsVisible = 0;
			defaultConfigurationName = Release;
		};
/* End XCConfigurationList section */
	};
	rootObject = B5E711A02BB462F80092172A /* Project object */;
}
